
Microsoft Visual Studio Solution File, Format Version 12.00
# Visual Studio Version 16
VisualStudioVersion = 16.0.32407.337
MinimumVisualStudioVersion = 10.0.40219.1
Project("{8BC9CEB8-8B4A-11D0-8D11-00A0C91BC942}") = "CPP-20230107", "CPP-20230107\CPP-20230107.vcxproj", "{91E3FD21-E5E7-4F3F-8FA0-E25E3628B580}"
EndProject
Global
	GlobalSection(SolutionConfigurationPlatforms) = preSolution
		Debug|x64 = Debug|x64
		Debug|x86 = Debug|x86
		Release|x64 = Release|x64
		Release|x86 = Release|x86
	EndGlobalSection
	GlobalSection(ProjectConfigurationPlatforms) = postSolution
		{91E3FD21-E5E7-4F3F-8FA0-E25E3628B580}.Debug|x64.ActiveCfg = Debug|x64
		{91E3FD21-E5E7-4F3F-8FA0-E25E3628B580}.Debug|x64.Build.0 = Debug|x64
		{91E3FD21-E5E7-4F3F-8FA0-E25E3628B580}.Debug|x86.ActiveCfg = Debug|Win32
		{91E3FD21-E5E7-4F3F-8FA0-E25E3628B580}.Debug|x86.Build.0 = Debug|Win32
		{91E3FD21-E5E7-4F3F-8FA0-E25E3628B580}.Release|x64.ActiveCfg = Release|x64
		{91E3FD21-E5E7-4F3F-8FA0-E25E3628B580}.Release|x64.Build.0 = Release|x64
		{91E3FD21-E5E7-4F3F-8FA0-E25E3628B580}.Release|x86.ActiveCfg = Release|Win32
		{91E3FD21-E5E7-4F3F-8FA0-E25E3628B580}.Release|x86.Build.0 = Release|Win32
	EndGlobalSection
	GlobalSection(SolutionProperties) = preSolution
		HideSolutionNode = FALSE
	EndGlobalSection
	GlobalSection(ExtensibilityGlobals) = postSolution
		SolutionGuid = {B2F8624F-4108-452C-BB4D-40383E45CEB9}
	EndGlobalSection
EndGlobal
