
Microsoft Visual Studio Solution File, Format Version 12.00
# Visual Studio Version 16
VisualStudioVersion = 16.0.32407.337
MinimumVisualStudioVersion = 10.0.40219.1
Project("{8BC9CEB8-8B4A-11D0-8D11-00A0C91BC942}") = "test_10.18 2.0", "test_10.18 2.0\test_10.18 2.0.vcxproj", "{FA09DE1D-26F1-4DF0-B7B8-B2B24F89A6A8}"
EndProject
Global
	GlobalSection(SolutionConfigurationPlatforms) = preSolution
		Debug|x64 = Debug|x64
		Debug|x86 = Debug|x86
		Release|x64 = Release|x64
		Release|x86 = Release|x86
	EndGlobalSection
	GlobalSection(ProjectConfigurationPlatforms) = postSolution
		{FA09DE1D-26F1-4DF0-B7B8-B2B24F89A6A8}.Debug|x64.ActiveCfg = Debug|x64
		{FA09DE1D-26F1-4DF0-B7B8-B2B24F89A6A8}.Debug|x64.Build.0 = Debug|x64
		{FA09DE1D-26F1-4DF0-B7B8-B2B24F89A6A8}.Debug|x86.ActiveCfg = Debug|Win32
		{FA09DE1D-26F1-4DF0-B7B8-B2B24F89A6A8}.Debug|x86.Build.0 = Debug|Win32
		{FA09DE1D-26F1-4DF0-B7B8-B2B24F89A6A8}.Release|x64.ActiveCfg = Release|x64
		{FA09DE1D-26F1-4DF0-B7B8-B2B24F89A6A8}.Release|x64.Build.0 = Release|x64
		{FA09DE1D-26F1-4DF0-B7B8-B2B24F89A6A8}.Release|x86.ActiveCfg = Release|Win32
		{FA09DE1D-26F1-4DF0-B7B8-B2B24F89A6A8}.Release|x86.Build.0 = Release|Win32
	EndGlobalSection
	GlobalSection(SolutionProperties) = preSolution
		HideSolutionNode = FALSE
	EndGlobalSection
	GlobalSection(ExtensibilityGlobals) = postSolution
		SolutionGuid = {9F30BE40-B69F-4D0E-80D5-0585015527CD}
	EndGlobalSection
EndGlobal
