
Microsoft Visual Studio Solution File, Format Version 12.00
# Visual Studio Version 16
VisualStudioVersion = 16.0.32407.337
MinimumVisualStudioVersion = 10.0.40219.1
Project("{8BC9CEB8-8B4A-11D0-8D11-00A0C91BC942}") = "CPP-20230103", "CPP-20230103\CPP-20230103.vcxproj", "{4AF9DD94-F303-4028-961B-41CAA2C03F58}"
EndProject
Global
	GlobalSection(SolutionConfigurationPlatforms) = preSolution
		Debug|x64 = Debug|x64
		Debug|x86 = Debug|x86
		Release|x64 = Release|x64
		Release|x86 = Release|x86
	EndGlobalSection
	GlobalSection(ProjectConfigurationPlatforms) = postSolution
		{4AF9DD94-F303-4028-961B-41CAA2C03F58}.Debug|x64.ActiveCfg = Debug|x64
		{4AF9DD94-F303-4028-961B-41CAA2C03F58}.Debug|x64.Build.0 = Debug|x64
		{4AF9DD94-F303-4028-961B-41CAA2C03F58}.Debug|x86.ActiveCfg = Debug|Win32
		{4AF9DD94-F303-4028-961B-41CAA2C03F58}.Debug|x86.Build.0 = Debug|Win32
		{4AF9DD94-F303-4028-961B-41CAA2C03F58}.Release|x64.ActiveCfg = Release|x64
		{4AF9DD94-F303-4028-961B-41CAA2C03F58}.Release|x64.Build.0 = Release|x64
		{4AF9DD94-F303-4028-961B-41CAA2C03F58}.Release|x86.ActiveCfg = Release|Win32
		{4AF9DD94-F303-4028-961B-41CAA2C03F58}.Release|x86.Build.0 = Release|Win32
	EndGlobalSection
	GlobalSection(SolutionProperties) = preSolution
		HideSolutionNode = FALSE
	EndGlobalSection
	GlobalSection(ExtensibilityGlobals) = postSolution
		SolutionGuid = {B80FCD96-6EE8-47D9-A4D2-A6A5DFFC7BBB}
	EndGlobalSection
EndGlobal
