
Microsoft Visual Studio Solution File, Format Version 12.00
# Visual Studio Version 16
VisualStudioVersion = 16.0.32407.337
MinimumVisualStudioVersion = 10.0.40219.1
Project("{8BC9CEB8-8B4A-11D0-8D11-00A0C91BC942}") = "CPP-20221210", "CPP-20221210\CPP-20221210.vcxproj", "{FA3D25F9-DC01-4760-8D3E-29716BA965D7}"
EndProject
Global
	GlobalSection(SolutionConfigurationPlatforms) = preSolution
		Debug|x64 = Debug|x64
		Debug|x86 = Debug|x86
		Release|x64 = Release|x64
		Release|x86 = Release|x86
	EndGlobalSection
	GlobalSection(ProjectConfigurationPlatforms) = postSolution
		{FA3D25F9-DC01-4760-8D3E-29716BA965D7}.Debug|x64.ActiveCfg = Debug|x64
		{FA3D25F9-DC01-4760-8D3E-29716BA965D7}.Debug|x64.Build.0 = Debug|x64
		{FA3D25F9-DC01-4760-8D3E-29716BA965D7}.Debug|x86.ActiveCfg = Debug|Win32
		{FA3D25F9-DC01-4760-8D3E-29716BA965D7}.Debug|x86.Build.0 = Debug|Win32
		{FA3D25F9-DC01-4760-8D3E-29716BA965D7}.Release|x64.ActiveCfg = Release|x64
		{FA3D25F9-DC01-4760-8D3E-29716BA965D7}.Release|x64.Build.0 = Release|x64
		{FA3D25F9-DC01-4760-8D3E-29716BA965D7}.Release|x86.ActiveCfg = Release|Win32
		{FA3D25F9-DC01-4760-8D3E-29716BA965D7}.Release|x86.Build.0 = Release|Win32
	EndGlobalSection
	GlobalSection(SolutionProperties) = preSolution
		HideSolutionNode = FALSE
	EndGlobalSection
	GlobalSection(ExtensibilityGlobals) = postSolution
		SolutionGuid = {79AF3EBF-7142-405E-888D-5AABAE46B4E2}
	EndGlobalSection
EndGlobal
