
Microsoft Visual Studio Solution File, Format Version 12.00
# Visual Studio Version 16
VisualStudioVersion = 16.0.32407.337
MinimumVisualStudioVersion = 10.0.40219.1
Project("{8BC9CEB8-8B4A-11D0-8D11-00A0C91BC942}") = "test_10.7", "test_10.7\test_10.7.vcxproj", "{EFBF5E3C-17E8-4386-A97B-7A48CABB9351}"
EndProject
Global
	GlobalSection(SolutionConfigurationPlatforms) = preSolution
		Debug|x64 = Debug|x64
		Debug|x86 = Debug|x86
		Release|x64 = Release|x64
		Release|x86 = Release|x86
	EndGlobalSection
	GlobalSection(ProjectConfigurationPlatforms) = postSolution
		{EFBF5E3C-17E8-4386-A97B-7A48CABB9351}.Debug|x64.ActiveCfg = Debug|x64
		{EFBF5E3C-17E8-4386-A97B-7A48CABB9351}.Debug|x64.Build.0 = Debug|x64
		{EFBF5E3C-17E8-4386-A97B-7A48CABB9351}.Debug|x86.ActiveCfg = Debug|Win32
		{EFBF5E3C-17E8-4386-A97B-7A48CABB9351}.Debug|x86.Build.0 = Debug|Win32
		{EFBF5E3C-17E8-4386-A97B-7A48CABB9351}.Release|x64.ActiveCfg = Release|x64
		{EFBF5E3C-17E8-4386-A97B-7A48CABB9351}.Release|x64.Build.0 = Release|x64
		{EFBF5E3C-17E8-4386-A97B-7A48CABB9351}.Release|x86.ActiveCfg = Release|Win32
		{EFBF5E3C-17E8-4386-A97B-7A48CABB9351}.Release|x86.Build.0 = Release|Win32
	EndGlobalSection
	GlobalSection(SolutionProperties) = preSolution
		HideSolutionNode = FALSE
	EndGlobalSection
	GlobalSection(ExtensibilityGlobals) = postSolution
		SolutionGuid = {4A29B0C9-7BE0-4A73-A524-171E45CB7F12}
	EndGlobalSection
EndGlobal
